<?xml version="1.0" encoding="utf-8"?>
<Project ToolsVersion="4.0" xmlns="http://schemas.microsoft.com/developer/msbuild/2003">
  <ItemGroup>
    <Filter Include="Source Files">
      <Extensions>cpp;c;cc;cxx;def;odl;idl;hpj;bat;asm;asmx</Extensions>
    </Filter>
    <Filter Include="Header Files">
      <Extensions>h;hh;hpp;hxx;hm;inl;inc;xsd</Extensions>
    </Filter>
    <Filter Include="Resource Files">
      <Extensions>rc;ico;cur;bmp;dlg;rc2;rct;bin;rgs;gif;jpg;jpeg;jpe;resx;tiff;tif;png;wav;mfcribbon-ms</Extensions>
    </Filter>
    <Filter Include="SDK">
    </Filter>
  </ItemGroup>
  <ItemGroup>
    <ClCompile Include="gta5.cpp">
      <Filter>Source Files</Filter>
    </ClCompile>
    <ClCompile Include="util.cpp">
      <Filter>Source Files</Filter>
    </ClCompile>
    <ClCompile Include="gtastate.cpp">
      <Filter>Source Files</Filter>
    </ClCompile>
  </ItemGroup>
  <ItemGroup>
    <ClInclude Include="scripthook\enums.h">
      <Filter>Header Files</Filter>
    </ClInclude>
    <ClInclude Include="scripthook\main.h">
      <Filter>Header Files</Filter>
    </ClInclude>
    <ClInclude Include="scripthook\nativeCaller.h">
      <Filter>Header Files</Filter>
    </ClInclude>
    <ClInclude Include="scripthook\natives.h">
      <Filter>Header Files</Filter>
    </ClInclude>
    <ClInclude Include="scripthook\types.h">
      <Filter>Header Files</Filter>
    </ClInclude>
    <ClInclude Include="util.h">
      <Filter>Header Files</Filter>
    </ClInclude>
    <ClInclude Include="gtastate.h">
      <Filter>Header Files</Filter>
    </ClInclude>
    <ClInclude Include="..\..\SDK\log.h">
      <Filter>Header Files</Filter>
    </ClInclude>
    <ClInclude Include="..\..\SDK\sdk.h">
      <Filter>Header Files</Filter>
    </ClInclude>
  </ItemGroup>
  <ItemGroup>
    <FxCompile Include="ps_output.hlsl">
      <Filter>Resource Files</Filter>
    </FxCompile>
    <FxCompile Include="vs_static.hlsl">
      <Filter>Resource Files</Filter>
    </FxCompile>
    <FxCompile Include="ps_flow.hlsl">
      <Filter>Resource Files</Filter>
    </FxCompile>
    <FxCompile Include="ps_noflow.hlsl">
      <Filter>Resource Files</Filter>
    </FxCompile>
  </ItemGroup>
</Project>